Microsoft Visual Studio Solution File, Format Version 12.00
# Visual Studio Version 17
VisualStudioVersion = 17.5.2.0
MinimumVisualStudioVersion = 10.0.40219.1
Project("{FAE04EC0-301F-11D3-BF4B-00C04F79EFBC}") = "e8-el-mayor-de-tres-numeros", "e8-el-mayor-de-tres-numeros.csproj", "{584A41BB-BFF5-FDA2-BCC0-BA993B862C33}"
EndProject
Global
	GlobalSection(SolutionConfigurationPlatforms) = preSolution
		Debug|Any CPU = Debug|Any CPU
		Release|Any CPU = Release|Any CPU
	EndGlobalSection
	GlobalSection(ProjectConfigurationPlatforms) = postSolution
		{584A41BB-BFF5-FDA2-BCC0-BA993B862C33}.Debug|Any CPU.ActiveCfg = Debug|Any CPU
		{584A41BB-BFF5-FDA2-BCC0-BA993B862C33}.Debug|Any CPU.Build.0 = Debug|Any CPU
		{584A41BB-BFF5-FDA2-BCC0-BA993B862C33}.Release|Any CPU.ActiveCfg = Release|Any CPU
		{584A41BB-BFF5-FDA2-BCC0-BA993B862C33}.Release|Any CPU.Build.0 = Release|Any CPU
	EndGlobalSection
	GlobalSection(SolutionProperties) = preSolution
		HideSolutionNode = FALSE
	EndGlobalSection
	GlobalSection(ExtensibilityGlobals) = postSolution
		SolutionGuid = {7A8067C3-FD6A-4EC5-8130-794E2C934770}
	EndGlobalSection
EndGlobal
