Microsoft Visual Studio Solution File, Format Version 12.00
# Visual Studio Version 17
VisualStudioVersion = 17.5.2.0
MinimumVisualStudioVersion = 10.0.40219.1
Project("{FAE04EC0-301F-11D3-BF4B-00C04F79EFBC}") = "e17-detectar-numero-primo", "e17-detectar-numero-primo.csproj", "{05932F71-7991-5254-56B1-3B896E2F9578}"
EndProject
Global
	GlobalSection(SolutionConfigurationPlatforms) = preSolution
		Debug|Any CPU = Debug|Any CPU
		Release|Any CPU = Release|Any CPU
	EndGlobalSection
	GlobalSection(ProjectConfigurationPlatforms) = postSolution
		{05932F71-7991-5254-56B1-3B896E2F9578}.Debug|Any CPU.ActiveCfg = Debug|Any CPU
		{05932F71-7991-5254-56B1-3B896E2F9578}.Debug|Any CPU.Build.0 = Debug|Any CPU
		{05932F71-7991-5254-56B1-3B896E2F9578}.Release|Any CPU.ActiveCfg = Release|Any CPU
		{05932F71-7991-5254-56B1-3B896E2F9578}.Release|Any CPU.Build.0 = Release|Any CPU
	EndGlobalSection
	GlobalSection(SolutionProperties) = preSolution
		HideSolutionNode = FALSE
	EndGlobalSection
	GlobalSection(ExtensibilityGlobals) = postSolution
		SolutionGuid = {E360E9E8-6308-450E-94EA-A2F9A0DDE990}
	EndGlobalSection
EndGlobal
