Microsoft Visual Studio Solution File, Format Version 12.00
# Visual Studio Version 17
VisualStudioVersion = 17.5.2.0
MinimumVisualStudioVersion = 10.0.40219.1
Project("{FAE04EC0-301F-11D3-BF4B-00C04F79EFBC}") = "e5-numero-positivo-o-negativo", "e5-numero-positivo-o-negativo.csproj", "{8064E023-A54A-DE8A-1E23-859B02CA747C}"
EndProject
Global
	GlobalSection(SolutionConfigurationPlatforms) = preSolution
		Debug|Any CPU = Debug|Any CPU
		Release|Any CPU = Release|Any CPU
	EndGlobalSection
	GlobalSection(ProjectConfigurationPlatforms) = postSolution
		{8064E023-A54A-DE8A-1E23-859B02CA747C}.Debug|Any CPU.ActiveCfg = Debug|Any CPU
		{8064E023-A54A-DE8A-1E23-859B02CA747C}.Debug|Any CPU.Build.0 = Debug|Any CPU
		{8064E023-A54A-DE8A-1E23-859B02CA747C}.Release|Any CPU.ActiveCfg = Release|Any CPU
		{8064E023-A54A-DE8A-1E23-859B02CA747C}.Release|Any CPU.Build.0 = Release|Any CPU
	EndGlobalSection
	GlobalSection(SolutionProperties) = preSolution
		HideSolutionNode = FALSE
	EndGlobalSection
	GlobalSection(ExtensibilityGlobals) = postSolution
		SolutionGuid = {FECFC71C-A67A-4F40-928F-1F9D08BA6339}
	EndGlobalSection
EndGlobal
