Microsoft Visual Studio Solution File, Format Version 12.00
# Visual Studio Version 17
VisualStudioVersion = 17.5.2.0
MinimumVisualStudioVersion = 10.0.40219.1
Project("{FAE04EC0-301F-11D3-BF4B-00C04F79EFBC}") = "e13-menu-con-do-while", "e13-menu-con-do-while.csproj", "{7CFAAB0B-65A8-682C-C571-DF0BB0C86F79}"
EndProject
Global
	GlobalSection(SolutionConfigurationPlatforms) = preSolution
		Debug|Any CPU = Debug|Any CPU
		Release|Any CPU = Release|Any CPU
	EndGlobalSection
	GlobalSection(ProjectConfigurationPlatforms) = postSolution
		{7CFAAB0B-65A8-682C-C571-DF0BB0C86F79}.Debug|Any CPU.ActiveCfg = Debug|Any CPU
		{7CFAAB0B-65A8-682C-C571-DF0BB0C86F79}.Debug|Any CPU.Build.0 = Debug|Any CPU
		{7CFAAB0B-65A8-682C-C571-DF0BB0C86F79}.Release|Any CPU.ActiveCfg = Release|Any CPU
		{7CFAAB0B-65A8-682C-C571-DF0BB0C86F79}.Release|Any CPU.Build.0 = Release|Any CPU
	EndGlobalSection
	GlobalSection(SolutionProperties) = preSolution
		HideSolutionNode = FALSE
	EndGlobalSection
	GlobalSection(ExtensibilityGlobals) = postSolution
		SolutionGuid = {981F3252-196C-43E8-9866-3619A37CCD91}
	EndGlobalSection
EndGlobal
